# This file was autogenerated by Stack.
# You should not edit this file by hand.
# For more information, please see the documentation at:
#   https://docs.haskellstack.org/en/stable/lock_files

packages:
- completed:
    cabal-file:
      size: 3365
      sha256: 95b810162a436390f83e8aa5e0038bb3a094f2f0ad35f30d3c07e2a3564ae26f
    name: webdriver
    version: 0.9.0.1
    git: https://github.com/kallisti-dev/hs-webdriver.git
    pantry-tree:
      size: 2934
      sha256: 07078256defb2b1a7c83632ec66b1c6d4dc5b508c9a635814ba1b404f9af2de0
    commit: ea594ce8720c9e11f053b2567f250079f0eac33b
  original:
    git: https://github.com/kallisti-dev/hs-webdriver.git
    commit: ea594ce8720c9e11f053b2567f250079f0eac33b
- completed:
    hackage: text-1.2.3.0@sha256:6055a7058e15b83d121b83f95e0a9092f6394f4607efb5eddeb95eb2897cdeee,8507
    pantry-tree:
      size: 7456
      sha256: 2470ae6411ae0adeb0e6ec68ec2dd616c7bf603ae7c11a77b421cf110dd70afc
  original:
    hackage: text-1.2.3.0@sha256:6055a7058e15b83d121b83f95e0a9092f6394f4607efb5eddeb95eb2897cdeee,8507
- completed:
    hackage: aeson-1.4.2.0@sha256:8166752a9669597db375343df19805069595fed9c613f98504e418849f40fe18,7007
    pantry-tree:
      size: 39673
      sha256: 68301758eee0ab638c090f0d21ac6ffac5080f6e44e7682534f1e172e47f931c
  original:
    hackage: aeson-1.4.2.0@sha256:8166752a9669597db375343df19805069595fed9c613f98504e418849f40fe18,7007
- completed:
    hackage: th-abstraction-0.2.11.0@sha256:5c286870277705796887d0cbfa48a6aa5e0f206152592a54fbc550d8ce0c5ab5,1827
    pantry-tree:
      size: 583
      sha256: 1e1b3b254c9021294bb7c9afbb079d75b8d03d2ea8b4b3aad94df5ad9e77ec11
  original:
    hackage: th-abstraction-0.2.11.0@sha256:5c286870277705796887d0cbfa48a6aa5e0f206152592a54fbc550d8ce0c5ab5,1827
- completed:
    hackage: datetime-sb-0.2.4@sha256:dcd9550de06b1c9646be57993848990bf0f0874c2bdac8357bf65d0e69006322,1541
    pantry-tree:
      size: 337
      sha256: 4e15e7ac0fed7b049dce96ba7c459cc1c0c269add5c077fca35f2bf832688a4c
  original:
    hackage: datetime-sb-0.2.4@sha256:dcd9550de06b1c9646be57993848990bf0f0874c2bdac8357bf65d0e69006322,1541
- completed:
    hackage: naturals-0.2.0.2@sha256:3b2784ae37d3d6da3fa0293bf3ad1e28d44aa3ed1e7ebf5926b4ffdd41c43644,1838
    pantry-tree:
      size: 208
      sha256: e3cb7064e07e2497f3e18d23239aca411ca80209b7698ff9a34bd003e689ccd5
  original:
    hackage: naturals-0.2.0.2@sha256:3b2784ae37d3d6da3fa0293bf3ad1e28d44aa3ed1e7ebf5926b4ffdd41c43644,1838
snapshots:
- completed:
    size: 523884
    url: https://raw.githubusercontent.com/commercialhaskell/stackage-snapshots/master/lts/14/4.yaml
    sha256: 16f24be248b42c9e16d59db84378836b1e7c239448a041cae46d32daffa45a8b
  original: lts-14.4
